
Microsoft Visual Studio Solution File, Format Version 12.00
# Visual Studio 15
VisualStudioVersion = 15.0.28307.1231
MinimumVisualStudioVersion = 10.0.40219.1
Project("{8BC9CEB8-8B4A-11D0-8D11-00A0C91BC942}") = "荒年网络", "荒年网络\荒年网络.vcxproj", "{210548EF-7674-454B-B3E6-A5EC7381CF9F}"
EndProject
Global
	GlobalSection(SolutionConfigurationPlatforms) = preSolution
		Debug|x64 = Debug|x64
		Debug|x86 = Debug|x86
		Release|x64 = Release|x64
		Release|x86 = Release|x86
	EndGlobalSection
	GlobalSection(ProjectConfigurationPlatforms) = postSolution
		{210548EF-7674-454B-B3E6-A5EC7381CF9F}.Debug|x64.ActiveCfg = Debug|x64
		{210548EF-7674-454B-B3E6-A5EC7381CF9F}.Debug|x64.Build.0 = Debug|x64
		{210548EF-7674-454B-B3E6-A5EC7381CF9F}.Debug|x86.ActiveCfg = Debug|Win32
		{210548EF-7674-454B-B3E6-A5EC7381CF9F}.Debug|x86.Build.0 = Debug|Win32
		{210548EF-7674-454B-B3E6-A5EC7381CF9F}.Release|x64.ActiveCfg = Release|x64
		{210548EF-7674-454B-B3E6-A5EC7381CF9F}.Release|x64.Build.0 = Release|x64
		{210548EF-7674-454B-B3E6-A5EC7381CF9F}.Release|x86.ActiveCfg = Release|Win32
		{210548EF-7674-454B-B3E6-A5EC7381CF9F}.Release|x86.Build.0 = Release|Win32
	EndGlobalSection
	GlobalSection(SolutionProperties) = preSolution
		HideSolutionNode = FALSE
	EndGlobalSection
	GlobalSection(ExtensibilityGlobals) = postSolution
		SolutionGuid = {9305099B-D666-4116-AD5F-B5C2A5E0B92C}
	EndGlobalSection
EndGlobal
